
Microsoft Visual Studio Solution File, Format Version 12.00
Project("{2150E333-8FDC-42A3-9474-1A3956D46DE8}") = "src", "src", "{3DC469EB-BCF2-4308-ADB6-262EF9314D08}"
EndProject
Project("{2150E333-8FDC-42A3-9474-1A3956D46DE8}") = "test", "test", "{0241654A-ABB9-49F2-8B47-BB00EA324F33}"
EndProject
Project("{FAE04EC0-301F-11D3-BF4B-00C04F79EFBC}") = "ShoppingCart", "src\ShoppingCart\ShoppingCart.csproj", "{80889970-0130-4F1D-B456-68CAC7B16258}"
EndProject
Project("{FAE04EC0-301F-11D3-BF4B-00C04F79EFBC}") = "ShopWebApp", "src\ShopWebApp\ShopWebApp.csproj", "{EDC60911-9C95-4CDC-B6E4-9E6C21B72E3B}"
EndProject
Project("{FAE04EC0-301F-11D3-BF4B-00C04F79EFBC}") = "ShopWebApp.Tests", "test\ShopWebApp.Tests\ShopWebApp.Tests.csproj", "{6EA815D2-C2C4-4801-BFAA-EB7B2BF0EDCD}"
EndProject
Global
	GlobalSection(SolutionConfigurationPlatforms) = preSolution
		Debug|Any CPU = Debug|Any CPU
		Release|Any CPU = Release|Any CPU
	EndGlobalSection
	GlobalSection(NestedProjects) = preSolution
		{80889970-0130-4F1D-B456-68CAC7B16258} = {3DC469EB-BCF2-4308-ADB6-262EF9314D08}
		{EDC60911-9C95-4CDC-B6E4-9E6C21B72E3B} = {3DC469EB-BCF2-4308-ADB6-262EF9314D08}
		{6EA815D2-C2C4-4801-BFAA-EB7B2BF0EDCD} = {0241654A-ABB9-49F2-8B47-BB00EA324F33}
	EndGlobalSection
	GlobalSection(ProjectConfigurationPlatforms) = postSolution
		{80889970-0130-4F1D-B456-68CAC7B16258}.Debug|Any CPU.ActiveCfg = Debug|Any CPU
		{80889970-0130-4F1D-B456-68CAC7B16258}.Debug|Any CPU.Build.0 = Debug|Any CPU
		{80889970-0130-4F1D-B456-68CAC7B16258}.Release|Any CPU.ActiveCfg = Release|Any CPU
		{80889970-0130-4F1D-B456-68CAC7B16258}.Release|Any CPU.Build.0 = Release|Any CPU
		{EDC60911-9C95-4CDC-B6E4-9E6C21B72E3B}.Debug|Any CPU.ActiveCfg = Debug|Any CPU
		{EDC60911-9C95-4CDC-B6E4-9E6C21B72E3B}.Debug|Any CPU.Build.0 = Debug|Any CPU
		{EDC60911-9C95-4CDC-B6E4-9E6C21B72E3B}.Release|Any CPU.ActiveCfg = Release|Any CPU
		{EDC60911-9C95-4CDC-B6E4-9E6C21B72E3B}.Release|Any CPU.Build.0 = Release|Any CPU
		{6EA815D2-C2C4-4801-BFAA-EB7B2BF0EDCD}.Debug|Any CPU.ActiveCfg = Debug|Any CPU
		{6EA815D2-C2C4-4801-BFAA-EB7B2BF0EDCD}.Debug|Any CPU.Build.0 = Debug|Any CPU
		{6EA815D2-C2C4-4801-BFAA-EB7B2BF0EDCD}.Release|Any CPU.ActiveCfg = Release|Any CPU
		{6EA815D2-C2C4-4801-BFAA-EB7B2BF0EDCD}.Release|Any CPU.Build.0 = Release|Any CPU
	EndGlobalSection
EndGlobal
